
Microsoft Visual Studio Solution File, Format Version 12.00
# Visual Studio Version 17
VisualStudioVersion = 17.6.33829.357
MinimumVisualStudioVersion = 10.0.40219.1
Project("{FAE04EC0-301F-11D3-BF4B-00C04F79EFBC}") = "MvcMovie", "MvcMovie\MvcMovie.csproj", "{F1A83544-E737-4317-A0F3-B6122C160A0B}"
EndProject
Global
	GlobalSection(SolutionConfigurationPlatforms) = preSolution
		Debug|Any CPU = Debug|Any CPU
		Release|Any CPU = Release|Any CPU
	EndGlobalSection
	GlobalSection(ProjectConfigurationPlatforms) = postSolution
		{F1A83544-E737-4317-A0F3-B6122C160A0B}.Debug|Any CPU.ActiveCfg = Debug|Any CPU
		{F1A83544-E737-4317-A0F3-B6122C160A0B}.Debug|Any CPU.Build.0 = Debug|Any CPU
		{F1A83544-E737-4317-A0F3-B6122C160A0B}.Release|Any CPU.ActiveCfg = Release|Any CPU
		{F1A83544-E737-4317-A0F3-B6122C160A0B}.Release|Any CPU.Build.0 = Release|Any CPU
	EndGlobalSection
	GlobalSection(SolutionProperties) = preSolution
		HideSolutionNode = FALSE
	EndGlobalSection
	GlobalSection(ExtensibilityGlobals) = postSolution
		SolutionGuid = {530542F9-4510-48F1-BC70-B4F64837D1B5}
	EndGlobalSection
EndGlobal
